version = 1
revision = 1
requires-python = "==3.10.*"

[[package]]
name = "cbor2"
version = "5.7.1"
source = { registry = "https://pypi.org/simple" }
sdist = { url = "https://files.pythonhosted.org/packages/a2/b8/c0f6a7d46f816cb18b1fda61a2fe648abe16039f1ff93ea720a6e9fb3cee/cbor2-5.7.1.tar.gz", hash = "sha256:7a405a1d7c8230ee9acf240aad48ae947ef584e8af05f169f3c1bde8f01f8b71", size = 102467 }
wheels = [
    { url = "https://files.pythonhosted.org/packages/c7/08/a9b3e777ace829d9d782f0a80877085af24708d73bd1c41c296aeba4ebac/cbor2-5.7.1-cp310-cp310-macosx_10_9_x86_64.whl", hash = "sha256:a0fc6cc50e0aa04e54792e7824e65bf66c691ae2948d7c012153df2bab1ee314", size = 67914 },
    { url = "https://files.pythonhosted.org/packages/5d/b5/1c23af80b279d5ec336c57e41a53bf8158e2ec3610b415cbc74887145d5d/cbor2-5.7.1-cp310-cp310-macosx_11_0_arm64.whl", hash = "sha256:c2fe69c1473d18d102f1e20982edab5bfa543fa1cda9888bdecc49f8b2f3d720", size = 68445 },
    { url = "https://files.pythonhosted.org/packages/f6/76/4d14dce9acd92333a249c676579e4879c492efda142c91c242044a70816d/cbor2-5.7.1-cp310-cp310-manylinux2014_aarch64.manylinux_2_17_aarch64.manylinux_2_28_aarch64.whl", hash = "sha256:34cbbe4fcf82080412a641984a0be43dfe66eac50a8f45596da63fde36189450", size = 254506 },
    { url = "https://files.pythonhosted.org/packages/b0/70/d835e91d53bc9df4d77764262489b6de505cfa400799a6625e9368391ea7/cbor2-5.7.1-cp310-cp310-manylinux2014_x86_64.manylinux_2_17_x86_64.manylinux_2_28_x86_64.whl", hash = "sha256:4fc3d3f00aed397a1e4634b8e1780f347aad191a2e1e7768a233baadd4f87561", size = 247760 },
    { url = "https://files.pythonhosted.org/packages/29/c7/7fe1c82b5ddb00a407f016ca0de0560e47b3f6c15228478911b3b9ffb0e2/cbor2-5.7.1-cp310-cp310-musllinux_1_2_aarch64.whl", hash = "sha256:99e1666887a868e619096e9b5953734efd034f577e078f4efc5abd23dc1bcd32", size = 250188 },
    { url = "https://files.pythonhosted.org/packages/49/fd/40887b1aee3270284d2e9ac6740566a554cb6fd7ca9f251d7e1ee86ba1c3/cbor2-5.7.1-cp310-cp310-musllinux_1_2_x86_64.whl", hash = "sha256:59b78c90a5e682e7d004586fb662be6e451ec06f32fc3a738bbfb9576c72ecc9", size = 244190 },
    { url = "https://files.pythonhosted.org/packages/81/ba/9a91f4046c9a101fc68c23913c916d1fbcb6fae11d6a6f574f91c26ed31a/cbor2-5.7.1-cp310-cp310-win_amd64.whl", hash = "sha256:6300e0322e52f831892054f1ccf25e67fa8040664963d358db090f29d8976ae4", size = 68150 },
    { url = "https://files.pythonhosted.org/packages/12/1e/aad24a2fe0b54353e19aaad06f7d7eb2d835dc4f5bbf5882f98be20e8744/cbor2-5.7.1-cp310-cp310-win_arm64.whl", hash = "sha256:7badbde0d89eb7c8b9f7ef8e4f2395c02cfb24b514815656fef8e23276a7cd36", size = 64123 },
    { url = "https://files.pythonhosted.org/packages/d5/7d/383bafeabb54c17fe5b6d5aca4e863e6b7df10bcc833b34aa169e9dfce1a/cbor2-5.7.1-py3-none-any.whl", hash = "sha256:68834e4eff2f56629ce6422b0634bc3f74c5a4269de5363f5265fe452c706ba7", size = 23829 },
]

[[package]]
name = "chumpy"
version = "0.70"
source = { registry = "https://pypi.org/simple" }
dependencies = [
    { name = "scipy" },
    { name = "six" },
]
sdist = { url = "https://files.pythonhosted.org/packages/01/f7/865755c8bdb837841938de622e6c8b5cb6b1c933bde3bd3332f0cd4574f1/chumpy-0.70.tar.gz", hash = "sha256:a0275c2018784ca1302875567dc81761f5fd469fab9f3ac0f3e7c39e9180350a", size = 50608 }

[[package]]
name = "numpy"
version = "1.23.5"
source = { registry = "https://pypi.org/simple" }
sdist = { url = "https://files.pythonhosted.org/packages/42/38/775b43da55fa7473015eddc9a819571517d9a271a9f8134f68fb9be2f212/numpy-1.23.5.tar.gz", hash = "sha256:1b1766d6f397c18153d40015ddfc79ddb715cabadc04d2d228d4e5a8bc4ded1a", size = 10731755 }
wheels = [
    { url = "https://files.pythonhosted.org/packages/0f/ae/dad4b8e7c65494cbbd1c063de114efaf9acd0f5f6171f044f0d4b6299787/numpy-1.23.5-cp310-cp310-macosx_10_9_x86_64.whl", hash = "sha256:9c88793f78fca17da0145455f0d7826bcb9f37da4764af27ac945488116efe63", size = 18118138 },
    { url = "https://files.pythonhosted.org/packages/4d/39/d33202cc56c21123a50c6d5e160d00c18ff685ab864dbd4bf80dd40a7af9/numpy-1.23.5-cp310-cp310-macosx_11_0_arm64.whl", hash = "sha256:e9f4c4e51567b616be64e05d517c79a8a22f3606499941d97bb76f2ca59f982d", size = 13350465 },
    { url = "https://files.pythonhosted.org/packages/67/6b/d7c93d458d16464da9b3f560a20c363a19e242ebbb019bd1e1d797523851/numpy-1.23.5-cp310-cp310-manylinux_2_17_aarch64.manylinux2014_aarch64.whl", hash = "sha256:7903ba8ab592b82014713c491f6c5d3a1cde5b4a3bf116404e08f5b52f6daf43", size = 13946528 },
    { url = "https://files.pythonhosted.org/packages/e4/f3/679b3a042a127de0d7c84874913c3e23bb84646eb3bc6ecab3f8c872edc9/numpy-1.23.5-cp310-cp310-manylinux_2_17_x86_64.manylinux2014_x86_64.whl", hash = "sha256:5e05b1c973a9f858c74367553e236f287e749465f773328c8ef31abe18f691e1", size = 17059657 },
    { url = "https://files.pythonhosted.org/packages/af/92/8efba008b9bda66456a1844a0e133dc76c08c5fb68c67a674f046211db29/numpy-1.23.5-cp310-cp310-win32.whl", hash = "sha256:522e26bbf6377e4d76403826ed689c295b0b238f46c28a7251ab94716da0b280", size = 12197097 },
    { url = "https://files.pythonhosted.org/packages/6a/03/ae6c3c307f9c5c7516de3df3e764ebb1de33e54e197f0370992138433ef4/numpy-1.23.5-cp310-cp310-win_amd64.whl", hash = "sha256:dbee87b469018961d1ad79b1a5d50c0ae850000b639bcb1b694e9981083243b6", size = 14647128 },
]

[[package]]
name = "pip"
version = "25.3"
source = { registry = "https://pypi.org/simple" }
sdist = { url = "https://files.pythonhosted.org/packages/fe/6e/74a3f0179a4a73a53d66ce57fdb4de0080a8baa1de0063de206d6167acc2/pip-25.3.tar.gz", hash = "sha256:8d0538dbbd7babbd207f261ed969c65de439f6bc9e5dbd3b3b9a77f25d95f343", size = 1803014 }
wheels = [
    { url = "https://files.pythonhosted.org/packages/44/3c/d717024885424591d5376220b5e836c2d5293ce2011523c9de23ff7bf068/pip-25.3-py3-none-any.whl", hash = "sha256:9655943313a94722b7774661c21049070f6bbb0a1516bf02f7c8d5d9201514cd", size = 1778622 },
]

[[package]]
name = "scipy"
version = "1.11.4"
source = { registry = "https://pypi.org/simple" }
dependencies = [
    { name = "numpy" },
]
sdist = { url = "https://files.pythonhosted.org/packages/6e/1f/91144ba78dccea567a6466262922786ffc97be1e9b06ed9574ef0edc11e1/scipy-1.11.4.tar.gz", hash = "sha256:90a2b78e7f5733b9de748f589f09225013685f9b218275257f8a8168ededaeaa", size = 56336202 }
wheels = [
    { url = "https://files.pythonhosted.org/packages/34/c6/a32add319475d21f89733c034b99c81b3a7c6c7c19f96f80c7ca3ff1bbd4/scipy-1.11.4-cp310-cp310-macosx_10_9_x86_64.whl", hash = "sha256:bc9a714581f561af0848e6b69947fda0614915f072dfd14142ed1bfe1b806710", size = 37293259 },
    { url = "https://files.pythonhosted.org/packages/de/0d/4fa68303568c70fd56fbf40668b6c6807cfee4cad975f07d80bdd26d013e/scipy-1.11.4-cp310-cp310-macosx_12_0_arm64.whl", hash = "sha256:cf00bd2b1b0211888d4dc75656c0412213a8b25e80d73898083f402b50f47e41", size = 29760656 },
    { url = "https://files.pythonhosted.org/packages/13/e5/8012be7857db6cbbbdbeea8a154dbacdfae845e95e1e19c028e82236d4a0/scipy-1.11.4-cp310-cp310-manylinux_2_17_aarch64.manylinux2014_aarch64.whl", hash = "sha256:b9999c008ccf00e8fbcce1236f85ade5c569d13144f77a1946bef8863e8f6eb4", size = 32922489 },
    { url = "https://files.pythonhosted.org/packages/e0/9e/80e2205d138960a49caea391f3710600895dd8292b6868dc9aff7aa593f9/scipy-1.11.4-cp310-cp310-manylinux_2_17_x86_64.manylinux2014_x86_64.whl", hash = "sha256:933baf588daa8dc9a92c20a0be32f56d43faf3d1a60ab11b3f08c356430f6e56", size = 36442040 },
    { url = "https://files.pythonhosted.org/packages/69/60/30a9c3fbe5066a3a93eefe3e2d44553df13587e6f792e1bff20dfed3d17e/scipy-1.11.4-cp310-cp310-musllinux_1_1_x86_64.whl", hash = "sha256:8fce70f39076a5aa62e92e69a7f62349f9574d8405c0a5de6ed3ef72de07f446", size = 36643257 },
    { url = "https://files.pythonhosted.org/packages/f8/ec/b46756f80e3f4c5f0989f6e4492c2851f156d9c239d554754a3c8cffd4e2/scipy-1.11.4-cp310-cp310-win_amd64.whl", hash = "sha256:6550466fbeec7453d7465e74d4f4b19f905642c89a7525571ee91dd7adabb5a3", size = 44149285 },
]

[[package]]
name = "setuptools"
version = "80.9.0"
source = { registry = "https://pypi.org/simple" }
sdist = { url = "https://files.pythonhosted.org/packages/18/5d/3bf57dcd21979b887f014ea83c24ae194cfcd12b9e0fda66b957c69d1fca/setuptools-80.9.0.tar.gz", hash = "sha256:f36b47402ecde768dbfafc46e8e4207b4360c654f1f3bb84475f0a28628fb19c", size = 1319958 }
wheels = [
    { url = "https://files.pythonhosted.org/packages/a3/dc/17031897dae0efacfea57dfd3a82fdd2a2aeb58e0ff71b77b87e44edc772/setuptools-80.9.0-py3-none-any.whl", hash = "sha256:062d34222ad13e0cc312a4c02d73f059e86a4acbfbdea8f8f76b28c99f306922", size = 1201486 },
]

[[package]]
name = "six"
version = "1.17.0"
source = { registry = "https://pypi.org/simple" }
sdist = { url = "https://files.pythonhosted.org/packages/94/e7/b2c673351809dca68a0e064b6af791aa332cf192da575fd474ed7d6f16a2/six-1.17.0.tar.gz", hash = "sha256:ff70335d468e7eb6ec65b95b99d3a2836546063f63acc5171de367e834932a81", size = 34031 }
wheels = [
    { url = "https://files.pythonhosted.org/packages/b7/ce/149a00dd41f10bc29e5921b496af8b574d8413afcd5e30dfa0ed46c2cc5e/six-1.17.0-py2.py3-none-any.whl", hash = "sha256:4721f391ed90541fddacab5acf947aa0d3dc7d27b2e1e8eda2be8970586c3274", size = 11050 },
]

[[package]]
name = "smpl2npz"
version = "0.1.0"
source = { virtual = "." }
dependencies = [
    { name = "cbor2" },
    { name = "chumpy" },
    { name = "numpy" },
    { name = "scipy" },
]

[package.optional-dependencies]
build = [
    { name = "pip" },
    { name = "setuptools" },
]
run = [
    { name = "chumpy" },
]

[package.metadata]
requires-dist = [
    { name = "cbor2", specifier = ">=5.7.1" },
    { name = "chumpy", specifier = "==0.70" },
    { name = "chumpy", marker = "extra == 'run'" },
    { name = "numpy", specifier = "==1.23.5" },
    { name = "pip", marker = "extra == 'build'" },
    { name = "scipy", specifier = "==1.11.4" },
    { name = "setuptools", marker = "extra == 'build'" },
]
provides-extras = ["build", "run"]
